
Microsoft Visual Studio Solution File, Format Version 12.00
# Visual Studio Version 17
VisualStudioVersion = 17.3.32819.101
MinimumVisualStudioVersion = 10.0.40219.1
Project("{FAE04EC0-301F-11D3-BF4B-00C04F79EFBC}") = "VersioningTask2", "VersioningTask2\VersioningTask2.csproj", "{A8A05705-30C3-410E-B284-69234A200F31}"
EndProject
Global
	GlobalSection(SolutionConfigurationPlatforms) = preSolution
		Debug|Any CPU = Debug|Any CPU
		Release|Any CPU = Release|Any CPU
	EndGlobalSection
	GlobalSection(ProjectConfigurationPlatforms) = postSolution
		{A8A05705-30C3-410E-B284-69234A200F31}.Debug|Any CPU.ActiveCfg = Debug|Any CPU
		{A8A05705-30C3-410E-B284-69234A200F31}.Debug|Any CPU.Build.0 = Debug|Any CPU
		{A8A05705-30C3-410E-B284-69234A200F31}.Release|Any CPU.ActiveCfg = Release|Any CPU
		{A8A05705-30C3-410E-B284-69234A200F31}.Release|Any CPU.Build.0 = Release|Any CPU
	EndGlobalSection
	GlobalSection(SolutionProperties) = preSolution
		HideSolutionNode = FALSE
	EndGlobalSection
	GlobalSection(ExtensibilityGlobals) = postSolution
		SolutionGuid = {AF8590A7-75E5-45A5-BC7C-1C55377D8BA6}
	EndGlobalSection
EndGlobal
